# This file is automatically @generated by Cargo.
# It is not intended for manual editing.
version = 4

[[package]]
name = "eph_cli"
version = "0.1.0"

[[package]]
name = "eph_core"
version = "0.1.0"
dependencies = [
 "eph_frames",
 "eph_time",
 "jpl_kernel",
]

[[package]]
name = "eph_ffi_c"
version = "0.1.0"
dependencies = [
 "eph_core",
]

[[package]]
name = "eph_frames"
version = "0.1.0"

[[package]]
name = "eph_time"
version = "0.1.0"

[[package]]
name = "eph_vedic_base"
version = "0.1.0"

[[package]]
name = "jpl_kernel"
version = "0.1.0"
